
Microsoft Visual Studio Solution File, Format Version 12.00
# Visual Studio Version 17
VisualStudioVersion = 17.7.34031.279
MinimumVisualStudioVersion = 10.0.40219.1
Project("{8BC9CEB8-8B4A-11D0-8D11-00A0C91BC942}") = "ATLProject", "ATLProject\ATLProject.vcxproj", "{EC6905A2-908D-412C-9C5C-82243CC63D7E}"
EndProject
Project("{8BC9CEB8-8B4A-11D0-8D11-00A0C91BC942}") = "ATLProjectPS", "ATLProjectPS\ATLProjectPS.vcxproj", "{FDE3326A-87AF-4567-B738-5931B278774A}"
	ProjectSection(ProjectDependencies) = postProject
		{EC6905A2-908D-412C-9C5C-82243CC63D7E} = {EC6905A2-908D-412C-9C5C-82243CC63D7E}
	EndProjectSection
EndProject
Global
	GlobalSection(SolutionConfigurationPlatforms) = preSolution
		Debug|x64 = Debug|x64
		Debug|x86 = Debug|x86
		Release|x64 = Release|x64
		Release|x86 = Release|x86
	EndGlobalSection
	GlobalSection(ProjectConfigurationPlatforms) = postSolution
		{EC6905A2-908D-412C-9C5C-82243CC63D7E}.Debug|x64.ActiveCfg = Debug|x64
		{EC6905A2-908D-412C-9C5C-82243CC63D7E}.Debug|x64.Build.0 = Debug|x64
		{EC6905A2-908D-412C-9C5C-82243CC63D7E}.Debug|x86.ActiveCfg = Debug|Win32
		{EC6905A2-908D-412C-9C5C-82243CC63D7E}.Debug|x86.Build.0 = Debug|Win32
		{EC6905A2-908D-412C-9C5C-82243CC63D7E}.Release|x64.ActiveCfg = Release|x64
		{EC6905A2-908D-412C-9C5C-82243CC63D7E}.Release|x64.Build.0 = Release|x64
		{EC6905A2-908D-412C-9C5C-82243CC63D7E}.Release|x86.ActiveCfg = Release|Win32
		{EC6905A2-908D-412C-9C5C-82243CC63D7E}.Release|x86.Build.0 = Release|Win32
		{FDE3326A-87AF-4567-B738-5931B278774A}.Debug|x64.ActiveCfg = Debug|x64
		{FDE3326A-87AF-4567-B738-5931B278774A}.Debug|x86.ActiveCfg = Debug|Win32
		{FDE3326A-87AF-4567-B738-5931B278774A}.Release|x64.ActiveCfg = Release|x64
		{FDE3326A-87AF-4567-B738-5931B278774A}.Release|x86.ActiveCfg = Release|Win32
	EndGlobalSection
	GlobalSection(SolutionProperties) = preSolution
		HideSolutionNode = FALSE
	EndGlobalSection
	GlobalSection(ExtensibilityGlobals) = postSolution
		SolutionGuid = {5A734B54-C683-4AE5-946F-7FFB24918261}
	EndGlobalSection
EndGlobal
